
Microsoft Visual Studio Solution File, Format Version 12.00
# Visual Studio 14
VisualStudioVersion = 14.0.24720.0
MinimumVisualStudioVersion = 10.0.40219.1
Project("{2150E333-8FDC-42A3-9474-1A3956D46DE8}") = "0. Web", "0. Web", "{681E7D89-E178-48D9-BF65-E138171BF985}"
EndProject
Project("{2150E333-8FDC-42A3-9474-1A3956D46DE8}") = "2. BLL", "2. BLL", "{0DD0112F-8A5E-4F27-B7EB-6439D107D6CB}"
EndProject
Project("{2150E333-8FDC-42A3-9474-1A3956D46DE8}") = "3. Data", "3. Data", "{B2C2D0ED-362B-448C-BF1C-BE4D9E27C6AC}"
EndProject
Project("{2150E333-8FDC-42A3-9474-1A3956D46DE8}") = "4. Common", "4. Common", "{C2E78321-86AB-4F54-9AD4-6B156AD2E5B3}"
EndProject
Project("{FAE04EC0-301F-11D3-BF4B-00C04F79EFBC}") = "BDev.Common", "BDev.Common\BDev.Common.csproj", "{2E012AE2-E995-4F85-AF17-1B3D118F810C}"
EndProject
Project("{FAE04EC0-301F-11D3-BF4B-00C04F79EFBC}") = "BDev.Data", "BDev.Data\BDev.Data.csproj", "{A67D3951-E8CC-4164-90BF-32CC168A12F0}"
EndProject
Project("{FAE04EC0-301F-11D3-BF4B-00C04F79EFBC}") = "BDev.BLL", "BDev.BLL\BDev.BLL.csproj", "{2C8805BF-C6C5-4D86-A5D2-877506EA133C}"
EndProject
Project("{FAE04EC0-301F-11D3-BF4B-00C04F79EFBC}") = "BDev.Web", "BDev.Web\BDev.Web.csproj", "{097FB34C-91DF-4004-8E7D-C7A14F7379F1}"
EndProject
Project("{2150E333-8FDC-42A3-9474-1A3956D46DE8}") = "1. Services", "1. Services", "{1018B2C2-79E3-4FD3-8A1C-0745177B0AC4}"
EndProject
Project("{FAE04EC0-301F-11D3-BF4B-00C04F79EFBC}") = "BDev.Services", "BDev.Services\BDev.Services.csproj", "{3ACF7B78-A53D-44F2-9F43-09EAD314399F}"
EndProject
Project("{2150E333-8FDC-42A3-9474-1A3956D46DE8}") = "5. Util", "5. Util", "{7BEB8745-A78D-46FA-8DA1-C6A29F54A8E9}"
EndProject
Project("{FAE04EC0-301F-11D3-BF4B-00C04F79EFBC}") = "BDev.Util", "BDev.Util\BDev.Util.csproj", "{48CC67AF-65DB-4606-8427-1086E7CD22CF}"
EndProject
Global
	GlobalSection(SolutionConfigurationPlatforms) = preSolution
		Debug|Any CPU = Debug|Any CPU
		Release|Any CPU = Release|Any CPU
	EndGlobalSection
	GlobalSection(ProjectConfigurationPlatforms) = postSolution
		{2E012AE2-E995-4F85-AF17-1B3D118F810C}.Debug|Any CPU.ActiveCfg = Debug|Any CPU
		{2E012AE2-E995-4F85-AF17-1B3D118F810C}.Debug|Any CPU.Build.0 = Debug|Any CPU
		{2E012AE2-E995-4F85-AF17-1B3D118F810C}.Release|Any CPU.ActiveCfg = Release|Any CPU
		{2E012AE2-E995-4F85-AF17-1B3D118F810C}.Release|Any CPU.Build.0 = Release|Any CPU
		{A67D3951-E8CC-4164-90BF-32CC168A12F0}.Debug|Any CPU.ActiveCfg = Debug|Any CPU
		{A67D3951-E8CC-4164-90BF-32CC168A12F0}.Debug|Any CPU.Build.0 = Debug|Any CPU
		{A67D3951-E8CC-4164-90BF-32CC168A12F0}.Release|Any CPU.ActiveCfg = Release|Any CPU
		{A67D3951-E8CC-4164-90BF-32CC168A12F0}.Release|Any CPU.Build.0 = Release|Any CPU
		{2C8805BF-C6C5-4D86-A5D2-877506EA133C}.Debug|Any CPU.ActiveCfg = Debug|Any CPU
		{2C8805BF-C6C5-4D86-A5D2-877506EA133C}.Debug|Any CPU.Build.0 = Debug|Any CPU
		{2C8805BF-C6C5-4D86-A5D2-877506EA133C}.Release|Any CPU.ActiveCfg = Release|Any CPU
		{2C8805BF-C6C5-4D86-A5D2-877506EA133C}.Release|Any CPU.Build.0 = Release|Any CPU
		{097FB34C-91DF-4004-8E7D-C7A14F7379F1}.Debug|Any CPU.ActiveCfg = Debug|Any CPU
		{097FB34C-91DF-4004-8E7D-C7A14F7379F1}.Debug|Any CPU.Build.0 = Debug|Any CPU
		{097FB34C-91DF-4004-8E7D-C7A14F7379F1}.Release|Any CPU.ActiveCfg = Release|Any CPU
		{097FB34C-91DF-4004-8E7D-C7A14F7379F1}.Release|Any CPU.Build.0 = Release|Any CPU
		{3ACF7B78-A53D-44F2-9F43-09EAD314399F}.Debug|Any CPU.ActiveCfg = Debug|Any CPU
		{3ACF7B78-A53D-44F2-9F43-09EAD314399F}.Debug|Any CPU.Build.0 = Debug|Any CPU
		{3ACF7B78-A53D-44F2-9F43-09EAD314399F}.Release|Any CPU.ActiveCfg = Release|Any CPU
		{3ACF7B78-A53D-44F2-9F43-09EAD314399F}.Release|Any CPU.Build.0 = Release|Any CPU
		{48CC67AF-65DB-4606-8427-1086E7CD22CF}.Debug|Any CPU.ActiveCfg = Debug|Any CPU
		{48CC67AF-65DB-4606-8427-1086E7CD22CF}.Debug|Any CPU.Build.0 = Debug|Any CPU
		{48CC67AF-65DB-4606-8427-1086E7CD22CF}.Release|Any CPU.ActiveCfg = Release|Any CPU
		{48CC67AF-65DB-4606-8427-1086E7CD22CF}.Release|Any CPU.Build.0 = Release|Any CPU
	EndGlobalSection
	GlobalSection(SolutionProperties) = preSolution
		HideSolutionNode = FALSE
	EndGlobalSection
	GlobalSection(NestedProjects) = preSolution
		{2E012AE2-E995-4F85-AF17-1B3D118F810C} = {C2E78321-86AB-4F54-9AD4-6B156AD2E5B3}
		{A67D3951-E8CC-4164-90BF-32CC168A12F0} = {B2C2D0ED-362B-448C-BF1C-BE4D9E27C6AC}
		{2C8805BF-C6C5-4D86-A5D2-877506EA133C} = {0DD0112F-8A5E-4F27-B7EB-6439D107D6CB}
		{097FB34C-91DF-4004-8E7D-C7A14F7379F1} = {681E7D89-E178-48D9-BF65-E138171BF985}
		{3ACF7B78-A53D-44F2-9F43-09EAD314399F} = {1018B2C2-79E3-4FD3-8A1C-0745177B0AC4}
		{48CC67AF-65DB-4606-8427-1086E7CD22CF} = {7BEB8745-A78D-46FA-8DA1-C6A29F54A8E9}
	EndGlobalSection
EndGlobal
